{
  "name": "snake-ai",
  "version": "0.0.0",
  "lockfileVersion": 1,
  "requires": true,
  "dependencies": {
    "@marcster/snake-js": {
      "version": "1.0.1",
      "resolved": "https://registry.npmjs.org/@marcster/snake-js/-/snake-js-1.0.1.tgz",
      "integrity": "sha512-Mi+Tsa3z4Wg1LnJlQNKHD8eq562rGlta0e6Xtvlbp/HlL2Lnj6+drX9TiR/156xmJ9wVWlot8ytBItlyzLQ6VA==",
      "requires": {
        "ansi": "^0.3.1"
      }
    },
    "ansi": {
      "version": "0.3.1",
      "resolved": "https://registry.npmjs.org/ansi/-/ansi-0.3.1.tgz",
      "integrity": "sha1-DELU+xcWDVqa8eSEus4cZpIsGyE="
    }
  }
}
